
Microsoft Visual Studio Solution File, Format Version 12.00
# Visual Studio Version 17
VisualStudioVersion = 17.0.31903.59
MinimumVisualStudioVersion = 10.0.40219.1
Project("{2150E333-8FDC-42A3-9474-1A3956D46DE8}") = "src", "src", "{EAF71B3D-F581-480A-91AB-68603BBF684A}"
EndProject
Project("{FAE04EC0-301F-11D3-BF4B-00C04F79EFBC}") = "DntScreenShots", "src\DntScreenShots\DntScreenShots.csproj", "{C8310F1B-2EE0-4EC8-A13B-100CB3AE2B10}"
EndProject
Project("{FAE04EC0-301F-11D3-BF4B-00C04F79EFBC}") = "DntScreenShots.Tests", "src\DntScreenShots.Tests\DntScreenShots.Tests.csproj", "{EA0DD5D5-A3E5-4998-A89D-47AF7D29BF9E}"
EndProject
Global
	GlobalSection(SolutionConfigurationPlatforms) = preSolution
		Debug|Any CPU = Debug|Any CPU
		Release|Any CPU = Release|Any CPU
	EndGlobalSection
	GlobalSection(SolutionProperties) = preSolution
		HideSolutionNode = FALSE
	EndGlobalSection
	GlobalSection(ProjectConfigurationPlatforms) = postSolution
		{C8310F1B-2EE0-4EC8-A13B-100CB3AE2B10}.Debug|Any CPU.ActiveCfg = Debug|Any CPU
		{C8310F1B-2EE0-4EC8-A13B-100CB3AE2B10}.Debug|Any CPU.Build.0 = Debug|Any CPU
		{C8310F1B-2EE0-4EC8-A13B-100CB3AE2B10}.Release|Any CPU.ActiveCfg = Release|Any CPU
		{C8310F1B-2EE0-4EC8-A13B-100CB3AE2B10}.Release|Any CPU.Build.0 = Release|Any CPU
		{EA0DD5D5-A3E5-4998-A89D-47AF7D29BF9E}.Debug|Any CPU.ActiveCfg = Debug|Any CPU
		{EA0DD5D5-A3E5-4998-A89D-47AF7D29BF9E}.Debug|Any CPU.Build.0 = Debug|Any CPU
		{EA0DD5D5-A3E5-4998-A89D-47AF7D29BF9E}.Release|Any CPU.ActiveCfg = Release|Any CPU
		{EA0DD5D5-A3E5-4998-A89D-47AF7D29BF9E}.Release|Any CPU.Build.0 = Release|Any CPU
	EndGlobalSection
	GlobalSection(NestedProjects) = preSolution
		{C8310F1B-2EE0-4EC8-A13B-100CB3AE2B10} = {EAF71B3D-F581-480A-91AB-68603BBF684A}
		{EA0DD5D5-A3E5-4998-A89D-47AF7D29BF9E} = {EAF71B3D-F581-480A-91AB-68603BBF684A}
	EndGlobalSection
EndGlobal
